# This file is automatically @generated by Cargo.
# It is not intended for manual editing.
version = 4

[[package]]
name = "cranelift-isle"
version = "0.125.4"
source = "registry+https://github.com/rust-lang/crates.io-index"
checksum = "a0422686b22ed6a1f33cc40e3c43eb84b67155788568d1a5cac8439d3dca1783"

[[package]]
name = "isle-generator"
version = "0.0.0"
dependencies = [
 "cranelift-isle",
]
